
Microsoft Visual Studio Solution File, Format Version 12.00
# Visual Studio 15
VisualStudioVersion = 15.0.28307.489
MinimumVisualStudioVersion = 10.0.40219.1
Project("{9A19103F-16F7-4668-BE54-9A1E7A4F7556}") = "LibTutorial", "LibTutorial\LibTutorial.csproj", "{5ED15B57-7472-40F4-A210-B6AA01BC3C75}"
EndProject
Project("{9A19103F-16F7-4668-BE54-9A1E7A4F7556}") = "Domain", "Data\Domain.csproj", "{9EF431E9-09FA-4216-83F6-AE49ACD668FC}"
EndProject
Project("{9A19103F-16F7-4668-BE54-9A1E7A4F7556}") = "LibraryService", "LibraryService\LibraryService.csproj", "{1DA9BEAD-708D-4467-842D-06A63A89208B}"
EndProject
Project("{9A19103F-16F7-4668-BE54-9A1E7A4F7556}") = "BusinessLogic", "BusinessLogic\BusinessLogic.csproj", "{7BB5C41B-37F6-4B34-8BEF-0FD7F75D90DD}"
EndProject
Project("{9A19103F-16F7-4668-BE54-9A1E7A4F7556}") = "Dao", "Dao\Dao.csproj", "{8F38B26C-48AE-4419-BD62-17E9B17E7FCF}"
EndProject
Project("{2150E333-8FDC-42A3-9474-1A3956D46DE8}") = "Core", "Core", "{CE67739F-528A-4019-8DE9-348B57463AD6}"
EndProject
Project("{9A19103F-16F7-4668-BE54-9A1E7A4F7556}") = "Application", "Application\Application.csproj", "{BC68109A-DEB9-4B23-BDBD-26418EACD1F2}"
EndProject
Project("{2150E333-8FDC-42A3-9474-1A3956D46DE8}") = "Infrastructure", "Infrastructure", "{C822AB57-EE80-4797-9876-5AE934FDB293}"
EndProject
Project("{9A19103F-16F7-4668-BE54-9A1E7A4F7556}") = "Infrastructure", "Infrastructure\Infrastructure.csproj", "{E1F8D503-A0FE-4C8F-A9BA-2A0B5A68B040}"
EndProject
Project("{2150E333-8FDC-42A3-9474-1A3956D46DE8}") = "Old", "Old", "{659D1BF5-AAA4-4F48-AEE4-43F450A5C0E0}"
EndProject
Project("{2150E333-8FDC-42A3-9474-1A3956D46DE8}") = "Infrastructure", "Infrastructure", "{74D6067C-9287-4167-970B-A8CC3CCFEFA4}"
EndProject
Project("{FAE04EC0-301F-11D3-BF4B-00C04F79EFBC}") = "Persistence", "Persistence\Persistence.csproj", "{10D1E680-7794-4DCA-8F58-9C54C159B73B}"
EndProject
Project("{2150E333-8FDC-42A3-9474-1A3956D46DE8}") = "Presentations", "Presentations", "{69964A6E-276A-454B-96B9-E684E849D130}"
EndProject
Global
	GlobalSection(SolutionConfigurationPlatforms) = preSolution
		Debug|Any CPU = Debug|Any CPU
		Debug|x64 = Debug|x64
		Debug|x86 = Debug|x86
		Release|Any CPU = Release|Any CPU
		Release|x64 = Release|x64
		Release|x86 = Release|x86
	EndGlobalSection
	GlobalSection(ProjectConfigurationPlatforms) = postSolution
		{5ED15B57-7472-40F4-A210-B6AA01BC3C75}.Debug|Any CPU.ActiveCfg = Debug|Any CPU
		{5ED15B57-7472-40F4-A210-B6AA01BC3C75}.Debug|Any CPU.Build.0 = Debug|Any CPU
		{5ED15B57-7472-40F4-A210-B6AA01BC3C75}.Debug|x64.ActiveCfg = Debug|Any CPU
		{5ED15B57-7472-40F4-A210-B6AA01BC3C75}.Debug|x64.Build.0 = Debug|Any CPU
		{5ED15B57-7472-40F4-A210-B6AA01BC3C75}.Debug|x86.ActiveCfg = Debug|Any CPU
		{5ED15B57-7472-40F4-A210-B6AA01BC3C75}.Debug|x86.Build.0 = Debug|Any CPU
		{5ED15B57-7472-40F4-A210-B6AA01BC3C75}.Release|Any CPU.ActiveCfg = Release|Any CPU
		{5ED15B57-7472-40F4-A210-B6AA01BC3C75}.Release|Any CPU.Build.0 = Release|Any CPU
		{5ED15B57-7472-40F4-A210-B6AA01BC3C75}.Release|x64.ActiveCfg = Release|Any CPU
		{5ED15B57-7472-40F4-A210-B6AA01BC3C75}.Release|x64.Build.0 = Release|Any CPU
		{5ED15B57-7472-40F4-A210-B6AA01BC3C75}.Release|x86.ActiveCfg = Release|Any CPU
		{5ED15B57-7472-40F4-A210-B6AA01BC3C75}.Release|x86.Build.0 = Release|Any CPU
		{9EF431E9-09FA-4216-83F6-AE49ACD668FC}.Debug|Any CPU.ActiveCfg = Debug|Any CPU
		{9EF431E9-09FA-4216-83F6-AE49ACD668FC}.Debug|Any CPU.Build.0 = Debug|Any CPU
		{9EF431E9-09FA-4216-83F6-AE49ACD668FC}.Debug|x64.ActiveCfg = Debug|Any CPU
		{9EF431E9-09FA-4216-83F6-AE49ACD668FC}.Debug|x64.Build.0 = Debug|Any CPU
		{9EF431E9-09FA-4216-83F6-AE49ACD668FC}.Debug|x86.ActiveCfg = Debug|Any CPU
		{9EF431E9-09FA-4216-83F6-AE49ACD668FC}.Debug|x86.Build.0 = Debug|Any CPU
		{9EF431E9-09FA-4216-83F6-AE49ACD668FC}.Release|Any CPU.ActiveCfg = Release|Any CPU
		{9EF431E9-09FA-4216-83F6-AE49ACD668FC}.Release|Any CPU.Build.0 = Release|Any CPU
		{9EF431E9-09FA-4216-83F6-AE49ACD668FC}.Release|x64.ActiveCfg = Release|Any CPU
		{9EF431E9-09FA-4216-83F6-AE49ACD668FC}.Release|x64.Build.0 = Release|Any CPU
		{9EF431E9-09FA-4216-83F6-AE49ACD668FC}.Release|x86.ActiveCfg = Release|Any CPU
		{9EF431E9-09FA-4216-83F6-AE49ACD668FC}.Release|x86.Build.0 = Release|Any CPU
		{1DA9BEAD-708D-4467-842D-06A63A89208B}.Debug|Any CPU.ActiveCfg = Debug|Any CPU
		{1DA9BEAD-708D-4467-842D-06A63A89208B}.Debug|Any CPU.Build.0 = Debug|Any CPU
		{1DA9BEAD-708D-4467-842D-06A63A89208B}.Debug|x64.ActiveCfg = Debug|Any CPU
		{1DA9BEAD-708D-4467-842D-06A63A89208B}.Debug|x64.Build.0 = Debug|Any CPU
		{1DA9BEAD-708D-4467-842D-06A63A89208B}.Debug|x86.ActiveCfg = Debug|Any CPU
		{1DA9BEAD-708D-4467-842D-06A63A89208B}.Debug|x86.Build.0 = Debug|Any CPU
		{1DA9BEAD-708D-4467-842D-06A63A89208B}.Release|Any CPU.ActiveCfg = Release|Any CPU
		{1DA9BEAD-708D-4467-842D-06A63A89208B}.Release|Any CPU.Build.0 = Release|Any CPU
		{1DA9BEAD-708D-4467-842D-06A63A89208B}.Release|x64.ActiveCfg = Release|Any CPU
		{1DA9BEAD-708D-4467-842D-06A63A89208B}.Release|x64.Build.0 = Release|Any CPU
		{1DA9BEAD-708D-4467-842D-06A63A89208B}.Release|x86.ActiveCfg = Release|Any CPU
		{1DA9BEAD-708D-4467-842D-06A63A89208B}.Release|x86.Build.0 = Release|Any CPU
		{7BB5C41B-37F6-4B34-8BEF-0FD7F75D90DD}.Debug|Any CPU.ActiveCfg = Debug|Any CPU
		{7BB5C41B-37F6-4B34-8BEF-0FD7F75D90DD}.Debug|Any CPU.Build.0 = Debug|Any CPU
		{7BB5C41B-37F6-4B34-8BEF-0FD7F75D90DD}.Debug|x64.ActiveCfg = Debug|Any CPU
		{7BB5C41B-37F6-4B34-8BEF-0FD7F75D90DD}.Debug|x64.Build.0 = Debug|Any CPU
		{7BB5C41B-37F6-4B34-8BEF-0FD7F75D90DD}.Debug|x86.ActiveCfg = Debug|Any CPU
		{7BB5C41B-37F6-4B34-8BEF-0FD7F75D90DD}.Debug|x86.Build.0 = Debug|Any CPU
		{7BB5C41B-37F6-4B34-8BEF-0FD7F75D90DD}.Release|Any CPU.ActiveCfg = Release|Any CPU
		{7BB5C41B-37F6-4B34-8BEF-0FD7F75D90DD}.Release|Any CPU.Build.0 = Release|Any CPU
		{7BB5C41B-37F6-4B34-8BEF-0FD7F75D90DD}.Release|x64.ActiveCfg = Release|Any CPU
		{7BB5C41B-37F6-4B34-8BEF-0FD7F75D90DD}.Release|x64.Build.0 = Release|Any CPU
		{7BB5C41B-37F6-4B34-8BEF-0FD7F75D90DD}.Release|x86.ActiveCfg = Release|Any CPU
		{7BB5C41B-37F6-4B34-8BEF-0FD7F75D90DD}.Release|x86.Build.0 = Release|Any CPU
		{8F38B26C-48AE-4419-BD62-17E9B17E7FCF}.Debug|Any CPU.ActiveCfg = Debug|Any CPU
		{8F38B26C-48AE-4419-BD62-17E9B17E7FCF}.Debug|Any CPU.Build.0 = Debug|Any CPU
		{8F38B26C-48AE-4419-BD62-17E9B17E7FCF}.Debug|x64.ActiveCfg = Debug|Any CPU
		{8F38B26C-48AE-4419-BD62-17E9B17E7FCF}.Debug|x64.Build.0 = Debug|Any CPU
		{8F38B26C-48AE-4419-BD62-17E9B17E7FCF}.Debug|x86.ActiveCfg = Debug|Any CPU
		{8F38B26C-48AE-4419-BD62-17E9B17E7FCF}.Debug|x86.Build.0 = Debug|Any CPU
		{8F38B26C-48AE-4419-BD62-17E9B17E7FCF}.Release|Any CPU.ActiveCfg = Release|Any CPU
		{8F38B26C-48AE-4419-BD62-17E9B17E7FCF}.Release|Any CPU.Build.0 = Release|Any CPU
		{8F38B26C-48AE-4419-BD62-17E9B17E7FCF}.Release|x64.ActiveCfg = Release|Any CPU
		{8F38B26C-48AE-4419-BD62-17E9B17E7FCF}.Release|x64.Build.0 = Release|Any CPU
		{8F38B26C-48AE-4419-BD62-17E9B17E7FCF}.Release|x86.ActiveCfg = Release|Any CPU
		{8F38B26C-48AE-4419-BD62-17E9B17E7FCF}.Release|x86.Build.0 = Release|Any CPU
		{BC68109A-DEB9-4B23-BDBD-26418EACD1F2}.Debug|Any CPU.ActiveCfg = Debug|Any CPU
		{BC68109A-DEB9-4B23-BDBD-26418EACD1F2}.Debug|Any CPU.Build.0 = Debug|Any CPU
		{BC68109A-DEB9-4B23-BDBD-26418EACD1F2}.Debug|x64.ActiveCfg = Debug|Any CPU
		{BC68109A-DEB9-4B23-BDBD-26418EACD1F2}.Debug|x64.Build.0 = Debug|Any CPU
		{BC68109A-DEB9-4B23-BDBD-26418EACD1F2}.Debug|x86.ActiveCfg = Debug|Any CPU
		{BC68109A-DEB9-4B23-BDBD-26418EACD1F2}.Debug|x86.Build.0 = Debug|Any CPU
		{BC68109A-DEB9-4B23-BDBD-26418EACD1F2}.Release|Any CPU.ActiveCfg = Release|Any CPU
		{BC68109A-DEB9-4B23-BDBD-26418EACD1F2}.Release|Any CPU.Build.0 = Release|Any CPU
		{BC68109A-DEB9-4B23-BDBD-26418EACD1F2}.Release|x64.ActiveCfg = Release|Any CPU
		{BC68109A-DEB9-4B23-BDBD-26418EACD1F2}.Release|x64.Build.0 = Release|Any CPU
		{BC68109A-DEB9-4B23-BDBD-26418EACD1F2}.Release|x86.ActiveCfg = Release|Any CPU
		{BC68109A-DEB9-4B23-BDBD-26418EACD1F2}.Release|x86.Build.0 = Release|Any CPU
		{E1F8D503-A0FE-4C8F-A9BA-2A0B5A68B040}.Debug|Any CPU.ActiveCfg = Debug|Any CPU
		{E1F8D503-A0FE-4C8F-A9BA-2A0B5A68B040}.Debug|Any CPU.Build.0 = Debug|Any CPU
		{E1F8D503-A0FE-4C8F-A9BA-2A0B5A68B040}.Debug|x64.ActiveCfg = Debug|Any CPU
		{E1F8D503-A0FE-4C8F-A9BA-2A0B5A68B040}.Debug|x64.Build.0 = Debug|Any CPU
		{E1F8D503-A0FE-4C8F-A9BA-2A0B5A68B040}.Debug|x86.ActiveCfg = Debug|Any CPU
		{E1F8D503-A0FE-4C8F-A9BA-2A0B5A68B040}.Debug|x86.Build.0 = Debug|Any CPU
		{E1F8D503-A0FE-4C8F-A9BA-2A0B5A68B040}.Release|Any CPU.ActiveCfg = Release|Any CPU
		{E1F8D503-A0FE-4C8F-A9BA-2A0B5A68B040}.Release|Any CPU.Build.0 = Release|Any CPU
		{E1F8D503-A0FE-4C8F-A9BA-2A0B5A68B040}.Release|x64.ActiveCfg = Release|Any CPU
		{E1F8D503-A0FE-4C8F-A9BA-2A0B5A68B040}.Release|x64.Build.0 = Release|Any CPU
		{E1F8D503-A0FE-4C8F-A9BA-2A0B5A68B040}.Release|x86.ActiveCfg = Release|Any CPU
		{E1F8D503-A0FE-4C8F-A9BA-2A0B5A68B040}.Release|x86.Build.0 = Release|Any CPU
		{10D1E680-7794-4DCA-8F58-9C54C159B73B}.Debug|Any CPU.ActiveCfg = Debug|Any CPU
		{10D1E680-7794-4DCA-8F58-9C54C159B73B}.Debug|Any CPU.Build.0 = Debug|Any CPU
		{10D1E680-7794-4DCA-8F58-9C54C159B73B}.Debug|x64.ActiveCfg = Debug|Any CPU
		{10D1E680-7794-4DCA-8F58-9C54C159B73B}.Debug|x64.Build.0 = Debug|Any CPU
		{10D1E680-7794-4DCA-8F58-9C54C159B73B}.Debug|x86.ActiveCfg = Debug|Any CPU
		{10D1E680-7794-4DCA-8F58-9C54C159B73B}.Debug|x86.Build.0 = Debug|Any CPU
		{10D1E680-7794-4DCA-8F58-9C54C159B73B}.Release|Any CPU.ActiveCfg = Release|Any CPU
		{10D1E680-7794-4DCA-8F58-9C54C159B73B}.Release|Any CPU.Build.0 = Release|Any CPU
		{10D1E680-7794-4DCA-8F58-9C54C159B73B}.Release|x64.ActiveCfg = Release|Any CPU
		{10D1E680-7794-4DCA-8F58-9C54C159B73B}.Release|x64.Build.0 = Release|Any CPU
		{10D1E680-7794-4DCA-8F58-9C54C159B73B}.Release|x86.ActiveCfg = Release|Any CPU
		{10D1E680-7794-4DCA-8F58-9C54C159B73B}.Release|x86.Build.0 = Release|Any CPU
	EndGlobalSection
	GlobalSection(SolutionProperties) = preSolution
		HideSolutionNode = FALSE
	EndGlobalSection
	GlobalSection(NestedProjects) = preSolution
		{5ED15B57-7472-40F4-A210-B6AA01BC3C75} = {69964A6E-276A-454B-96B9-E684E849D130}
		{9EF431E9-09FA-4216-83F6-AE49ACD668FC} = {CE67739F-528A-4019-8DE9-348B57463AD6}
		{1DA9BEAD-708D-4467-842D-06A63A89208B} = {659D1BF5-AAA4-4F48-AEE4-43F450A5C0E0}
		{7BB5C41B-37F6-4B34-8BEF-0FD7F75D90DD} = {659D1BF5-AAA4-4F48-AEE4-43F450A5C0E0}
		{8F38B26C-48AE-4419-BD62-17E9B17E7FCF} = {659D1BF5-AAA4-4F48-AEE4-43F450A5C0E0}
		{BC68109A-DEB9-4B23-BDBD-26418EACD1F2} = {CE67739F-528A-4019-8DE9-348B57463AD6}
		{C822AB57-EE80-4797-9876-5AE934FDB293} = {659D1BF5-AAA4-4F48-AEE4-43F450A5C0E0}
		{E1F8D503-A0FE-4C8F-A9BA-2A0B5A68B040} = {C822AB57-EE80-4797-9876-5AE934FDB293}
		{10D1E680-7794-4DCA-8F58-9C54C159B73B} = {74D6067C-9287-4167-970B-A8CC3CCFEFA4}
	EndGlobalSection
	GlobalSection(ExtensibilityGlobals) = postSolution
		SolutionGuid = {D9428E10-6CF0-4C7D-9593-CB43BFE177AE}
	EndGlobalSection
EndGlobal
